
Microsoft Visual Studio Solution File, Format Version 12.00
# Visual Studio Version 16
VisualStudioVersion = 16.0.29613.14
MinimumVisualStudioVersion = 10.0.40219.1
Project("{FAE04EC0-301F-11D3-BF4B-00C04F79EFBC}") = "chatbox", "chatbox\chatbox.csproj", "{6029169F-E683-43D6-999F-4A779ECD2497}"
EndProject
Project("{FAE04EC0-301F-11D3-BF4B-00C04F79EFBC}") = "cs371adomodels", "..\cs371entityframework\cs371adomodels.csproj", "{A5A68065-221E-4339-A676-6ED3676EA1EC}"
EndProject
Global
	GlobalSection(SolutionConfigurationPlatforms) = preSolution
		Debug|Any CPU = Debug|Any CPU
		Release|Any CPU = Release|Any CPU
	EndGlobalSection
	GlobalSection(ProjectConfigurationPlatforms) = postSolution
		{6029169F-E683-43D6-999F-4A779ECD2497}.Debug|Any CPU.ActiveCfg = Debug|Any CPU
		{6029169F-E683-43D6-999F-4A779ECD2497}.Debug|Any CPU.Build.0 = Debug|Any CPU
		{6029169F-E683-43D6-999F-4A779ECD2497}.Release|Any CPU.ActiveCfg = Release|Any CPU
		{6029169F-E683-43D6-999F-4A779ECD2497}.Release|Any CPU.Build.0 = Release|Any CPU
		{A5A68065-221E-4339-A676-6ED3676EA1EC}.Debug|Any CPU.ActiveCfg = Debug|Any CPU
		{A5A68065-221E-4339-A676-6ED3676EA1EC}.Debug|Any CPU.Build.0 = Debug|Any CPU
		{A5A68065-221E-4339-A676-6ED3676EA1EC}.Release|Any CPU.ActiveCfg = Release|Any CPU
		{A5A68065-221E-4339-A676-6ED3676EA1EC}.Release|Any CPU.Build.0 = Release|Any CPU
	EndGlobalSection
	GlobalSection(SolutionProperties) = preSolution
		HideSolutionNode = FALSE
	EndGlobalSection
	GlobalSection(ExtensibilityGlobals) = postSolution
		SolutionGuid = {A483DD44-F8F1-4E6D-AD78-4EA34743A7E0}
	EndGlobalSection
EndGlobal
